{
  "name": "spa-simple",
  "version": "0.4.1",
  "lockfileVersion": 1,
  "requires": true,
  "dependencies": {
    "array-async-methods": {
      "version": "0.0.2",
      "resolved": "https://registry.npmjs.org/array-async-methods/-/array-async-methods-0.0.2.tgz",
      "integrity": "sha1-/vdJWG1lCtaNalFl1gYDZevKBN4="
    },
    "asap": {
      "version": "https://registry.npmjs.org/asap/-/asap-2.0.6.tgz",
      "integrity": "sha1-5QNHYR1+aQlDIIu9r+vLwvuGbUY="
    },
    "babel-runtime": {
      "version": "6.26.0",
      "resolved": "https://registry.npmjs.org/babel-runtime/-/babel-runtime-6.26.0.tgz",
      "integrity": "sha1-llxwWGaOgrVde/4E/yM3vItWR/4=",
      "requires": {
        "core-js": "2.5.1",
        "regenerator-runtime": "0.11.0"
      }
    },
    "big.js": {
      "version": "5.0.3",
      "resolved": "https://registry.npmjs.org/big.js/-/big.js-5.0.3.tgz",
      "integrity": "sha512-av8LNZGBl4cg2r4ZhWqghJOxi2P8UCcWhdmrFgcHPMmUJ6jx1FbnyxjwL4URYzMK3QJg60qeMefQhv9G14oYKA=="
    },
    "bl": {
      "version": "1.2.1",
      "resolved": "https://registry.npmjs.org/bl/-/bl-1.2.1.tgz",
      "integrity": "sha1-ysMo977kVzDUBLaSID/LWQ4XLV4=",
      "requires": {
        "readable-stream": "2.3.3"
      }
    },
    "bluebird": {
      "version": "3.5.1",
      "resolved": "https://registry.npmjs.org/bluebird/-/bluebird-3.5.1.tgz",
      "integrity": "sha512-MKiLiV+I1AA596t9w1sQJ8jkiSr5+ZKi0WKrYGUn6d1Fx+Ij4tIj+m2WMQSGczs5jZVxV339chE8iwk6F64wjA=="
    },
    "camel-case": {
      "version": "3.0.0",
      "resolved": "https://registry.npmjs.org/camel-case/-/camel-case-3.0.0.tgz",
      "integrity": "sha1-yjw2iKTpzzpM2nd9xNy8cTJJz3M=",
      "requires": {
        "no-case": "2.3.2",
        "upper-case": "1.1.3"
      }
    },
    "clean-css": {
      "version": "4.1.11",
      "resolved": "https://registry.npmjs.org/clean-css/-/clean-css-4.1.11.tgz",
      "integrity": "sha1-Ls3xRaujj1R0DybO/Q/z4D4SXWo=",
      "requires": {
        "source-map": "0.5.7"
      }
    },
    "commander": {
      "version": "2.15.1",
      "resolved": "https://registry.npmjs.org/commander/-/commander-2.15.1.tgz",
      "integrity": "sha512-VlfT9F3V0v+jr4yxPc5gg9s62/fIVWsd2Bk2iD435um1NlGMYdVCq+MjcXnhYq2icNOizHr1kK+5TI6H0Hy0ag=="
    },
    "core-js": {
      "version": "2.5.1",
      "resolved": "https://registry.npmjs.org/core-js/-/core-js-2.5.1.tgz",
      "integrity": "sha1-rmh03GaTd4m4B1T/VCjfZoGcpQs="
    },
    "core-util-is": {
      "version": "1.0.2",
      "resolved": "https://registry.npmjs.org/core-util-is/-/core-util-is-1.0.2.tgz",
      "integrity": "sha1-tf1UIgqivFq1eqtxQMlAdUUDwac="
    },
    "he": {
      "version": "1.1.1",
      "resolved": "https://registry.npmjs.org/he/-/he-1.1.1.tgz",
      "integrity": "sha1-k0EP0hsAlzUVH4howvJx80J+I/0="
    },
    "html-minifier": {
      "version": "3.5.13",
      "resolved": "https://registry.npmjs.org/html-minifier/-/html-minifier-3.5.13.tgz",
      "integrity": "sha512-B7P99uf0LPQ5lslyhrAZAXE7Lk1tpiv52KVapKbeFhgqNMUI7JBd/fYLX55imu3Rz7sCTzZM6r/IBe4oT7qCjg==",
      "requires": {
        "camel-case": "3.0.0",
        "clean-css": "4.1.11",
        "commander": "2.15.1",
        "he": "1.1.1",
        "param-case": "2.1.1",
        "relateurl": "0.2.7",
        "uglify-js": "3.3.18"
      }
    },
    "inherits": {
      "version": "2.0.3",
      "resolved": "https://registry.npmjs.org/inherits/-/inherits-2.0.3.tgz",
      "integrity": "sha1-Yzwsg+PaQqUC9SRmAiSA9CCCYd4="
    },
    "isarray": {
      "version": "1.0.0",
      "resolved": "https://registry.npmjs.org/isarray/-/isarray-1.0.0.tgz",
      "integrity": "sha1-u5NdSFgsuhaMBoNJV6VKPgcSTxE="
    },
    "json-url": {
      "version": "2.3.4",
      "resolved": "https://registry.npmjs.org/json-url/-/json-url-2.3.4.tgz",
      "integrity": "sha512-eKVczIsUzM/8bk8U04WS+EJ09ey59CTzaGXyOrBJ+hWLXxQQO4RbOK7KaG39ALbM+1qUQRZ/vIfH22CpU/Rt1w==",
      "requires": {
        "babel-runtime": "6.26.0",
        "bluebird": "3.5.1",
        "lz-string": "1.4.4",
        "lzma": "2.3.2",
        "msgpack5": "3.6.0",
        "node-lzw": "0.3.1",
        "urlsafe-base64": "1.0.0"
      }
    },
    "lower-case": {
      "version": "1.1.4",
      "resolved": "https://registry.npmjs.org/lower-case/-/lower-case-1.1.4.tgz",
      "integrity": "sha1-miyr0bno4K6ZOkv31YdcOcQujqw="
    },
    "lz-string": {
      "version": "1.4.4",
      "resolved": "https://registry.npmjs.org/lz-string/-/lz-string-1.4.4.tgz",
      "integrity": "sha1-wNjq82BZ9wV5bh40SBHPTEmNOiY="
    },
    "lzma": {
      "version": "2.3.2",
      "resolved": "https://registry.npmjs.org/lzma/-/lzma-2.3.2.tgz",
      "integrity": "sha1-N4OySFi5wOdHoN88vx+1/KqSxEE="
    },
    "msgpack5": {
      "version": "3.6.0",
      "resolved": "https://registry.npmjs.org/msgpack5/-/msgpack5-3.6.0.tgz",
      "integrity": "sha512-6HuCZHA57WtNUzrKIvjJ8OMxigzveJ6D5i13y6TsgGu3X3zxABpuBvChpppOoGdB9SyWZcmqUs1fwUV/PpSQ7Q==",
      "requires": {
        "bl": "1.2.1",
        "inherits": "2.0.3",
        "readable-stream": "2.3.3",
        "safe-buffer": "5.1.1"
      }
    },
    "no-case": {
      "version": "2.3.2",
      "resolved": "https://registry.npmjs.org/no-case/-/no-case-2.3.2.tgz",
      "integrity": "sha512-rmTZ9kz+f3rCvK2TD1Ue/oZlns7OGoIWP4fc3llxxRXlOkHKoWPPWJOfFYpITabSow43QJbRIoHQXtt10VldyQ==",
      "requires": {
        "lower-case": "1.1.4"
      }
    },
    "node-lzw": {
      "version": "0.3.1",
      "resolved": "https://registry.npmjs.org/node-lzw/-/node-lzw-0.3.1.tgz",
      "integrity": "sha1-9Q43lol2rKgzIAKLkfEB30pDay0="
    },
    "param-case": {
      "version": "2.1.1",
      "resolved": "https://registry.npmjs.org/param-case/-/param-case-2.1.1.tgz",
      "integrity": "sha1-35T9jPZTHs915r75oIWPvHK+Ikc=",
      "requires": {
        "no-case": "2.3.2"
      }
    },
    "process-nextick-args": {
      "version": "1.0.7",
      "resolved": "https://registry.npmjs.org/process-nextick-args/-/process-nextick-args-1.0.7.tgz",
      "integrity": "sha1-FQ4gt1ZZCtP5EJPyWk8q2L/zC6M="
    },
    "promise": {
      "version": "https://registry.npmjs.org/promise/-/promise-7.3.1.tgz",
      "integrity": "sha1-BktyYCsY+Q8pGSuLG8QY/9Hr078=",
      "requires": {
        "asap": "https://registry.npmjs.org/asap/-/asap-2.0.6.tgz"
      }
    },
    "readable-stream": {
      "version": "2.3.3",
      "resolved": "https://registry.npmjs.org/readable-stream/-/readable-stream-2.3.3.tgz",
      "integrity": "sha512-m+qzzcn7KUxEmd1gMbchF+Y2eIUbieUaxkWtptyHywrX0rE8QEYqPC07Vuy4Wm32/xE16NcdBctb8S0Xe/5IeQ==",
      "requires": {
        "core-util-is": "1.0.2",
        "inherits": "2.0.3",
        "isarray": "1.0.0",
        "process-nextick-args": "1.0.7",
        "safe-buffer": "5.1.1",
        "string_decoder": "1.0.3",
        "util-deprecate": "1.0.2"
      }
    },
    "regenerator-runtime": {
      "version": "0.11.0",
      "resolved": "https://registry.npmjs.org/regenerator-runtime/-/regenerator-runtime-0.11.0.tgz",
      "integrity": "sha512-/aA0kLeRb5N9K0d4fw7ooEbI+xDe+DKD499EQqygGqeS8N3xto15p09uY2xj7ixP81sNPXvRLnAQIqdVStgb1A=="
    },
    "relateurl": {
      "version": "0.2.7",
      "resolved": "https://registry.npmjs.org/relateurl/-/relateurl-0.2.7.tgz",
      "integrity": "sha1-VNvzd+UUQKypCkzSdGANP/LYiKk="
    },
    "safe-buffer": {
      "version": "5.1.1",
      "resolved": "https://registry.npmjs.org/safe-buffer/-/safe-buffer-5.1.1.tgz",
      "integrity": "sha512-kKvNJn6Mm93gAczWVJg7wH+wGYWNrDHdWvpUmHyEsgCtIwwo3bqPtV4tR5tuPaUhTOo/kvhVwd8XwwOllGYkbg=="
    },
    "socket.io-with-get": {
      "version": "https://registry.npmjs.org/socket.io-with-get/-/socket.io-with-get-1.2.0.tgz",
      "integrity": "sha1-vMkSaOMRKvA+4WAN+rifpPFX2uI="
    },
    "source-map": {
      "version": "0.5.7",
      "resolved": "https://registry.npmjs.org/source-map/-/source-map-0.5.7.tgz",
      "integrity": "sha1-igOdLRAh0i0eoUyA2OpGi6LvP8w="
    },
    "string_decoder": {
      "version": "1.0.3",
      "resolved": "https://registry.npmjs.org/string_decoder/-/string_decoder-1.0.3.tgz",
      "integrity": "sha512-4AH6Z5fzNNBcH+6XDMfA/BTt87skxqJlO0lAh3Dker5zThcAxG6mKz+iGu308UKoPPQ8Dcqx/4JhujzltRa+hQ==",
      "requires": {
        "safe-buffer": "5.1.1"
      }
    },
    "then-fs": {
      "version": "https://registry.npmjs.org/then-fs/-/then-fs-2.0.0.tgz",
      "integrity": "sha1-cveS3Z0xcFqRrhnr/Piz+WjIHaI=",
      "requires": {
        "promise": "https://registry.npmjs.org/promise/-/promise-7.3.1.tgz"
      }
    },
    "uglify-js": {
      "version": "3.3.18",
      "resolved": "https://registry.npmjs.org/uglify-js/-/uglify-js-3.3.18.tgz",
      "integrity": "sha512-VhjIFv93KnTx/ntNi9yTBbfrsWnQnqUy02MT32uqU/5i2oEJ8GAEJ0AwYV206JeOmIzSjm41Ba0iXVKv6j7y9g==",
      "requires": {
        "commander": "2.15.1",
        "source-map": "0.6.1"
      },
      "dependencies": {
        "source-map": {
          "version": "0.6.1",
          "resolved": "https://registry.npmjs.org/source-map/-/source-map-0.6.1.tgz",
          "integrity": "sha512-UjgapumWlbMhkBgzT7Ykc5YXUT46F0iKu8SGXq0bcwP5dz/h0Plj6enJqjz1Zbq2l5WaqYnrVbwWOWMyF3F47g=="
        }
      }
    },
    "upper-case": {
      "version": "1.1.3",
      "resolved": "https://registry.npmjs.org/upper-case/-/upper-case-1.1.3.tgz",
      "integrity": "sha1-9rRQHC7EzdJrp4vnIilh3ndiFZg="
    },
    "urlsafe-base64": {
      "version": "1.0.0",
      "resolved": "https://registry.npmjs.org/urlsafe-base64/-/urlsafe-base64-1.0.0.tgz",
      "integrity": "sha1-I/iQaabGL0bPOh07ABac77kL4MY="
    },
    "util-deprecate": {
      "version": "1.0.2",
      "resolved": "https://registry.npmjs.org/util-deprecate/-/util-deprecate-1.0.2.tgz",
      "integrity": "sha1-RQ1Nyfpw3nMnYvvS1KKJgUGaDM8="
    },
    "uws": {
      "version": "https://registry.npmjs.org/uws/-/uws-8.14.1.tgz",
      "integrity": "sha1-3glhnzBfYXTVUWqcaULLEgkEsgs="
    },
    "uws-with-on.js": {
      "version": "https://registry.npmjs.org/uws-with-on.js/-/uws-with-on.js-1.2.1.tgz",
      "integrity": "sha1-c0kZmY8tf1gTLkln2F/esa6kMtQ="
    }
  }
}
